<?xml version="1.0" encoding="utf-8"?>
<Project ToolsVersion="4.0" xmlns="http://schemas.microsoft.com/developer/msbuild/2003">
  <ItemGroup>
    <Filter Include="Header Files">
      <UniqueIdentifier>{93995380-89BD-4b04-88EB-625FBE52EBFB}</UniqueIdentifier>
      <Extensions>h;hh;hpp;hxx;hm;inl;inc;xsd</Extensions>
    </Filter>
    <Filter Include="Resource Files">
      <UniqueIdentifier>{67DA6AB6-F800-4c08-8B7A-83BB121AAD01}</UniqueIdentifier>
      <Extensions>rc;ico;cur;bmp;dlg;rc2;rct;bin;rgs;gif;jpg;jpeg;jpe;resx;tiff;tif;png;wav;mfcribbon-ms</Extensions>
    </Filter>
    <Filter Include="Header Files\OOSDL">
      <UniqueIdentifier>{3b43ac0f-e3ee-4b39-b300-679a9d5b6327}</UniqueIdentifier>
    </Filter>
    <Filter Include="Header Files\GUI">
      <UniqueIdentifier>{239608de-4792-4fc8-a5e8-8bcce91a2160}</UniqueIdentifier>
    </Filter>
    <Filter Include="Resource Files\Source Files">
      <UniqueIdentifier>{4FC737F1-C7A5-4376-A066-2A32D752A2FF}</UniqueIdentifier>
      <Extensions>cpp;c;cc;cxx;def;odl;idl;hpj;bat;asm;asmx</Extensions>
    </Filter>
    <Filter Include="Resource Files\Source Files\OOSDL">
      <UniqueIdentifier>{d368b0f6-07cd-44f0-9738-9fdeef9647c6}</UniqueIdentifier>
    </Filter>
    <Filter Include="Resource Files\Source Files\GUI">
      <UniqueIdentifier>{6f4941b5-332e-4ef5-af0a-f7f4c8776085}</UniqueIdentifier>
    </Filter>
  </ItemGroup>
  <ItemGroup>
    <ClCompile Include="main.cpp">
      <Filter>Resource Files\Source Files</Filter>
    </ClCompile>
    <ClCompile Include="OOSDL\AnimatedSprite.cpp">
      <Filter>Resource Files\Source Files\OOSDL</Filter>
    </ClCompile>
    <ClCompile Include="OOSDL\Clock.cpp">
      <Filter>Resource Files\Source Files\OOSDL</Filter>
    </ClCompile>
    <ClCompile Include="OOSDL\Color.cpp">
      <Filter>Resource Files\Source Files\OOSDL</Filter>
    </ClCompile>
    <ClCompile Include="OOSDL\Keyboard.cpp">
      <Filter>Resource Files\Source Files\OOSDL</Filter>
    </ClCompile>
    <ClCompile Include="OOSDL\Mouse.cpp">
      <Filter>Resource Files\Source Files\OOSDL</Filter>
    </ClCompile>
    <ClCompile Include="OOSDL\Sprite.cpp">
      <Filter>Resource Files\Source Files\OOSDL</Filter>
    </ClCompile>
    <ClCompile Include="OOSDL\Text.cpp">
      <Filter>Resource Files\Source Files\OOSDL</Filter>
    </ClCompile>
    <ClCompile Include="OOSDL\Texture.cpp">
      <Filter>Resource Files\Source Files\OOSDL</Filter>
    </ClCompile>
    <ClCompile Include="OOSDL\Transformable.cpp">
      <Filter>Resource Files\Source Files\OOSDL</Filter>
    </ClCompile>
    <ClCompile Include="OOSDL\View.cpp">
      <Filter>Resource Files\Source Files\OOSDL</Filter>
    </ClCompile>
    <ClCompile Include="OOSDL\Window.cpp">
      <Filter>Resource Files\Source Files\OOSDL</Filter>
    </ClCompile>
    <ClCompile Include="AssetsManager.cpp">
      <Filter>Resource Files\Source Files</Filter>
    </ClCompile>
    <ClCompile Include="Terrain.cpp">
      <Filter>Resource Files\Source Files</Filter>
    </ClCompile>
    <ClCompile Include="OOSDL\StaticSprite.cpp">
      <Filter>Resource Files\Source Files\OOSDL</Filter>
    </ClCompile>
    <ClCompile Include="OOSDL\StaticText.cpp">
      <Filter>Resource Files\Source Files\OOSDL</Filter>
    </ClCompile>
    <ClCompile Include="Explosion.cpp">
      <Filter>Resource Files\Source Files</Filter>
    </ClCompile>
    <ClCompile Include="ExplosionsManager.cpp">
      <Filter>Resource Files\Source Files</Filter>
    </ClCompile>
    <ClCompile Include="GameOptionsManager.cpp">
      <Filter>Resource Files\Source Files</Filter>
    </ClCompile>
    <ClCompile Include="OOSDL\VideoMode.cpp">
      <Filter>Resource Files\Source Files\OOSDL</Filter>
    </ClCompile>
    <ClCompile Include="Map.cpp">
      <Filter>Resource Files\Source Files</Filter>
    </ClCompile>
    <ClCompile Include="PhysicsComponent.cpp">
      <Filter>Resource Files\Source Files</Filter>
    </ClCompile>
    <ClCompile Include="Player.cpp">
      <Filter>Resource Files\Source Files</Filter>
    </ClCompile>
    <ClCompile Include="PlayerInputComponent.cpp">
      <Filter>Resource Files\Source Files</Filter>
    </ClCompile>
    <ClCompile Include="PlayerPhysicsComponent.cpp">
      <Filter>Resource Files\Source Files</Filter>
    </ClCompile>
    <ClCompile Include="GUI\GuiCheckBox.cpp">
      <Filter>Resource Files\Source Files\GUI</Filter>
    </ClCompile>
    <ClCompile Include="GUI\GuiGameMenu.cpp">
      <Filter>Resource Files\Source Files\GUI</Filter>
    </ClCompile>
    <ClCompile Include="GUI\GuiMainMenu.cpp">
      <Filter>Resource Files\Source Files\GUI</Filter>
    </ClCompile>
    <ClCompile Include="GUI\GuiTextBox.cpp">
      <Filter>Resource Files\Source Files\GUI</Filter>
    </ClCompile>
    <ClCompile Include="EventManager.cpp">
      <Filter>Resource Files\Source Files</Filter>
    </ClCompile>
    <ClCompile Include="MainMenuState.cpp">
      <Filter>Resource Files\Source Files</Filter>
    </ClCompile>
    <ClCompile Include="ScreenStateManager.cpp">
      <Filter>Resource Files\Source Files</Filter>
    </ClCompile>
    <ClCompile Include="SplashScreenState.cpp">
      <Filter>Resource Files\Source Files</Filter>
    </ClCompile>
    <ClCompile Include="Melee.cpp">
      <Filter>Resource Files\Source Files</Filter>
    </ClCompile>
    <ClCompile Include="Projectile.cpp">
      <Filter>Resource Files\Source Files</Filter>
    </ClCompile>
    <ClCompile Include="Rocket.cpp">
      <Filter>Resource Files\Source Files</Filter>
    </ClCompile>
    <ClCompile Include="EntityManager.cpp">
      <Filter>Resource Files\Source Files</Filter>
    </ClCompile>
    <ClCompile Include="Entity.cpp">
      <Filter>Resource Files\Source Files</Filter>
    </ClCompile>
    <ClCompile Include="Grenade.cpp">
      <Filter>Resource Files\Source Files</Filter>
    </ClCompile>
  </ItemGroup>
  <ItemGroup>
    <ClInclude Include="Singleton.h">
      <Filter>Header Files</Filter>
    </ClInclude>
    <ClInclude Include="AssetsManager.h">
      <Filter>Header Files</Filter>
    </ClInclude>
    <ClInclude Include="Terrain.h">
      <Filter>Header Files</Filter>
    </ClInclude>
    <ClInclude Include="Explosion.h">
      <Filter>Header Files</Filter>
    </ClInclude>
    <ClInclude Include="ExplosionsManager.h">
      <Filter>Header Files</Filter>
    </ClInclude>
    <ClInclude Include="GameOptionsManager.h">
      <Filter>Header Files</Filter>
    </ClInclude>
    <ClInclude Include="Map.h">
      <Filter>Header Files</Filter>
    </ClInclude>
    <ClInclude Include="PhysicsComponent.h">
      <Filter>Header Files</Filter>
    </ClInclude>
    <ClInclude Include="Player.h">
      <Filter>Header Files</Filter>
    </ClInclude>
    <ClInclude Include="PlayerInputComponent.h">
      <Filter>Header Files</Filter>
    </ClInclude>
    <ClInclude Include="PlayerPhysicsComponent.h">
      <Filter>Header Files</Filter>
    </ClInclude>
    <ClInclude Include="GUI\GuiCheckBox.h">
      <Filter>Header Files\GUI</Filter>
    </ClInclude>
    <ClInclude Include="GUI\GuiComponents.h">
      <Filter>Header Files\GUI</Filter>
    </ClInclude>
    <ClInclude Include="GUI\GuiGameMenu.h">
      <Filter>Header Files\GUI</Filter>
    </ClInclude>
    <ClInclude Include="GUI\GuiMainMenu.h">
      <Filter>Header Files\GUI</Filter>
    </ClInclude>
    <ClInclude Include="GUI\GuiTextBox.h">
      <Filter>Header Files\GUI</Filter>
    </ClInclude>
    <ClInclude Include="OOSDL\AnimatedSprite.h">
      <Filter>Header Files\OOSDL</Filter>
    </ClInclude>
    <ClInclude Include="OOSDL\Clock.h">
      <Filter>Header Files\OOSDL</Filter>
    </ClInclude>
    <ClInclude Include="OOSDL\Color.h">
      <Filter>Header Files\OOSDL</Filter>
    </ClInclude>
    <ClInclude Include="OOSDL\Drawable.h">
      <Filter>Header Files\OOSDL</Filter>
    </ClInclude>
    <ClInclude Include="OOSDL\Keyboard.h">
      <Filter>Header Files\OOSDL</Filter>
    </ClInclude>
    <ClInclude Include="OOSDL\Mouse.h">
      <Filter>Header Files\OOSDL</Filter>
    </ClInclude>
    <ClInclude Include="OOSDL\Rect.h">
      <Filter>Header Files\OOSDL</Filter>
    </ClInclude>
    <ClInclude Include="OOSDL\OOSDL.h">
      <Filter>Header Files\OOSDL</Filter>
    </ClInclude>
    <ClInclude Include="OOSDL\Sprite.h">
      <Filter>Header Files\OOSDL</Filter>
    </ClInclude>
    <ClInclude Include="OOSDL\StaticSprite.h">
      <Filter>Header Files\OOSDL</Filter>
    </ClInclude>
    <ClInclude Include="OOSDL\StaticText.h">
      <Filter>Header Files\OOSDL</Filter>
    </ClInclude>
    <ClInclude Include="OOSDL\Text.h">
      <Filter>Header Files\OOSDL</Filter>
    </ClInclude>
    <ClInclude Include="OOSDL\Texture.h">
      <Filter>Header Files\OOSDL</Filter>
    </ClInclude>
    <ClInclude Include="OOSDL\Time.h">
      <Filter>Header Files\OOSDL</Filter>
    </ClInclude>
    <ClInclude Include="OOSDL\Transformable.h">
      <Filter>Header Files\OOSDL</Filter>
    </ClInclude>
    <ClInclude Include="OOSDL\Vector2.h">
      <Filter>Header Files\OOSDL</Filter>
    </ClInclude>
    <ClInclude Include="OOSDL\VideoMode.h">
      <Filter>Header Files\OOSDL</Filter>
    </ClInclude>
    <ClInclude Include="OOSDL\View.h">
      <Filter>Header Files\OOSDL</Filter>
    </ClInclude>
    <ClInclude Include="OOSDL\Window.h">
      <Filter>Header Files\OOSDL</Filter>
    </ClInclude>
    <ClInclude Include="EventManager.h">
      <Filter>Header Files</Filter>
    </ClInclude>
    <ClInclude Include="MainMenuState.h">
      <Filter>Header Files</Filter>
    </ClInclude>
    <ClInclude Include="ScreenState.h">
      <Filter>Header Files</Filter>
    </ClInclude>
    <ClInclude Include="ScreenStateManager.h">
      <Filter>Header Files</Filter>
    </ClInclude>
    <ClInclude Include="SplashScreenState.h">
      <Filter>Header Files</Filter>
    </ClInclude>
    <ClInclude Include="Projectile.h">
      <Filter>Header Files</Filter>
    </ClInclude>
    <ClInclude Include="DropManager.h">
      <Filter>Header Files</Filter>
    </ClInclude>
    <ClInclude Include="Grenade.h">
      <Filter>Header Files</Filter>
    </ClInclude>
    <ClInclude Include="HealPack.h">
      <Filter>Header Files</Filter>
    </ClInclude>
    <ClInclude Include="JetPack.h">
      <Filter>Header Files</Filter>
    </ClInclude>
    <ClInclude Include="Rocket.h">
      <Filter>Header Files</Filter>
    </ClInclude>
    <ClInclude Include="Melee.h">
      <Filter>Header Files</Filter>
    </ClInclude>
    <ClInclude Include="Mine.h">
      <Filter>Header Files</Filter>
    </ClInclude>
    <ClInclude Include="Entity.h">
      <Filter>Header Files</Filter>
    </ClInclude>
    <ClInclude Include="EntityManager.h">
      <Filter>Header Files</Filter>
    </ClInclude>
  </ItemGroup>
</Project>